<?xml version="1.0" encoding="utf-8"?>
<Project ToolsVersion="4.0" xmlns="http://schemas.microsoft.com/developer/msbuild/2003">
  <ItemGroup>
    <ClCompile Include="Banana.cpp">
      <Filter>Source Files</Filter>
    </ClCompile>
    <ClCompile Include="BananaHandler.cpp">
      <Filter>Source Files</Filter>
    </ClCompile>
    <ClCompile Include="Engine.cpp">
      <Filter>Source Files</Filter>
    </ClCompile>
    <ClCompile Include="HUD.cpp">
      <Filter>Source Files</Filter>
    </ClCompile>
    <ClCompile Include="Interfaces.cpp">
      <Filter>Source Files</Filter>
    </ClCompile>
    <ClCompile Include="main.cpp">
      <Filter>Source Files</Filter>
    </ClCompile>
    <ClCompile Include="Monkey.cpp">
      <Filter>Source Files</Filter>
    </ClCompile>
    <ClCompile Include="Scene.cpp">
      <Filter>Source Files</Filter>
    </ClCompile>
    <ClCompile Include="Score.cpp">
      <Filter>Source Files</Filter>
    </ClCompile>
    <ClCompile Include="Sprite.cpp">
      <Filter>Source Files</Filter>
    </ClCompile>
    <ClCompile Include="Utility.cpp">
      <Filter>Source Files</Filter>
    </ClCompile>
  </ItemGroup>
  <ItemGroup>
    <ClInclude Include="Banana.hpp">
      <Filter>Header Files</Filter>
    </ClInclude>
    <ClInclude Include="Engine.hpp">
      <Filter>Header Files</Filter>
    </ClInclude>
    <ClInclude Include="BananaHandler.hpp">
      <Filter>Header Files</Filter>
    </ClInclude>
    <ClInclude Include="HUD.hpp">
      <Filter>Header Files</Filter>
    </ClInclude>
    <ClInclude Include="Interfaces.hpp">
      <Filter>Header Files</Filter>
    </ClInclude>
    <ClInclude Include="Monkey.hpp">
      <Filter>Header Files</Filter>
    </ClInclude>
    <ClInclude Include="Properties.hpp">
      <Filter>Header Files</Filter>
    </ClInclude>
    <ClInclude Include="Scene.hpp">
      <Filter>Header Files</Filter>
    </ClInclude>
    <ClInclude Include="Score.hpp">
      <Filter>Header Files</Filter>
    </ClInclude>
    <ClInclude Include="Sprite.hpp">
      <Filter>Header Files</Filter>
    </ClInclude>
    <ClInclude Include="Utility.hpp">
      <Filter>Header Files</Filter>
    </ClInclude>
  </ItemGroup>
  <ItemGroup>
    <Filter Include="Header Files">
      <UniqueIdentifier>{01c9af4e-d45b-41d4-a8b5-f868334f24f7}</UniqueIdentifier>
    </Filter>
    <Filter Include="Source Files">
      <UniqueIdentifier>{cf8a493a-19a5-487f-845e-5f2c757fefda}</UniqueIdentifier>
    </Filter>
  </ItemGroup>
  <ItemGroup>
    <None Include="packages.config" />
  </ItemGroup>
</Project>